// !$*UTF8*$!
{
	archiveVersion = 1;
	classes = {
	};
	objectVersion = 50;
	objects = {

/* Begin PBXBuildFile section */
		90D3273324D6FB220092AC7E /* AppDelegate.swift in Sources */ = {isa = PBXBuildFile; fileRef = 90D3273224D6FB220092AC7E /* AppDelegate.swift */; };
		90D3273524D6FB220092AC7E /* SceneDelegate.swift in Sources */ = {isa = PBXBuildFile; fileRef = 90D3273424D6FB220092AC7E /* SceneDelegate.swift */; };
		90D3273724D6FB220092AC7E /* ViewController.swift in Sources */ = {isa = PBXBuildFile; fileRef = 90D3273624D6FB220092AC7E /* ViewController.swift */; };
		90D3273A24D6FB220092AC7E /* Main.storyboard in Resources */ = {isa = PBXBuildFile; fileRef = 90D3273824D6FB220092AC7E /* Main.storyboard */; };
		90D3273D24D6FB220092AC7E /* progressbar.xcdatamodeld in Sources */ = {isa = PBXBuildFile; fileRef = 90D3273B24D6FB220092AC7E /* progressbar.xcdatamodeld */; };
		90D3273F24D6FB250092AC7E /* Assets.xcassets in Resources */ = {isa = PBXBuildFile; fileRef = 90D3273E24D6FB250092AC7E /* Assets.xcassets */; };
		90D3274224D6FB250092AC7E /* LaunchScreen.storyboard in Resources */ = {isa = PBXBuildFile; fileRef = 90D3274024D6FB250092AC7E /* LaunchScreen.storyboard */; };
/* End PBXBuildFile section */

/* Begin PBXFileReference section */
		90D3272F24D6FB220092AC7E /* progressbar.app */ = {isa = PBXFileReference; explicitFileType = wrapper.application; includeInIndex = 0; path = progressbar.app; sourceTree = BUILT_PRODUCTS_DIR; };
		90D3273224D6FB220092AC7E /* AppDelegate.swift */ = {isa = PBXFileReference; lastKnownFileType = sourcecode.swift; path = AppDelegate.swift; sourceTree = "<group>"; };
		90D3273424D6FB220092AC7E /* SceneDelegate.swift */ = {isa = PBXFileReference; lastKnownFileType = sourcecode.swift; path = SceneDelegate.swift; sourceTree = "<group>"; };
		90D3273624D6FB220092AC7E /* ViewController.swift */ = {isa = PBXFileReference; lastKnownFileType = sourcecode.swift; path = ViewController.swift; sourceTree = "<group>"; };
		90D3273924D6FB220092AC7E /* Base */ = {isa = PBXFileReference; lastKnownFileType = file.storyboard; name = Base; path = Base.lproj/Main.storyboard; sourceTree = "<group>"; };
		90D3273C24D6FB220092AC7E /* progressbar.xcdatamodel */ = {isa = PBXFileReference; lastKnownFileType = wrapper.xcdatamodel; path = progressbar.xcdatamodel; sourceTree = "<group>"; };
		90D3273E24D6FB250092AC7E /* Assets.xcassets */ = {isa = PBXFileReference; lastKnownFileType = folder.assetcatalog; path = Assets.xcassets; sourceTree = "<group>"; };
		90D3274124D6FB250092AC7E /* Base */ = {isa = PBXFileReference; lastKnownFileType = file.storyboard; name = Base; path = Base.lproj/LaunchScreen.storyboard; sourceTree = "<group>"; };
		90D3274324D6FB250092AC7E /* Info.plist */ = {isa = PBXFileReference; lastKnownFileType = text.plist.xml; path = Info.plist; sourceTree = "<group>"; };
/* End PBXFileReference section */

/* Begin PBXFrameworksBuildPhase section */
		90D3272C24D6FB220092AC7E /* Frameworks */ = {
			isa = PBXFrameworksBuildPhase;
			buildActionMask = 2147483647;
			files = (
			);
			runOnlyForDeploymentPostprocessing = 0;
		};
/* End PBXFrameworksBuildPhase section */

/* Begin PBXGroup section */
		90D3272624D6FB220092AC7E = {
			isa = PBXGroup;
			children = (
				90D3273124D6FB220092AC7E /* progressbar */,
				90D3273024D6FB220092AC7E /* Products */,
			);
			sourceTree = "<group>";
		};
		90D3273024D6FB220092AC7E /* Products */ = {
			isa = PBXGroup;
			children = (
				90D3272F24D6FB220092AC7E /* progressbar.app */,
			);
			name = Products;
			sourceTree = "<group>";
		};
		90D3273124D6FB220092AC7E /* progressbar */ = {
			isa = PBXGroup;
			children = (
				90D3273224D6FB220092AC7E /* AppDelegate.swift */,
				90D3273424D6FB220092AC7E /* SceneDelegate.swift */,
				90D3273624D6FB220092AC7E /* ViewController.swift */,
				90D3273824D6FB220092AC7E /* Main.storyboard */,
				90D3273E24D6FB250092AC7E /* Assets.xcassets */,
				90D3274024D6FB250092AC7E /* LaunchScreen.storyboard */,
				90D3274324D6FB250092AC7E /* Info.plist */,
				90D3273B24D6FB220092AC7E /* progressbar.xcdatamodeld */,
			);
			path = progressbar;
			sourceTree = "<group>";
		};
/* End PBXGroup section */

/* Begin PBXNativeTarget section */
		90D3272E24D6FB220092AC7E /* progressbar */ = {
			isa = PBXNativeTarget;
			buildConfigurationList = 90D3274624D6FB250092AC7E /* Build configuration list for PBXNativeTarget "progressbar" */;
			buildPhases = (
				90D3272B24D6FB220092AC7E /* Sources */,
				90D3272C24D6FB220092AC7E /* Frameworks */,
				90D3272D24D6FB220092AC7E /* Resources */,
			);
			buildRules = (
			);
			dependencies = (
			);
			name = progressbar;
			productName = progressbar;
			productReference = 90D3272F24D6FB220092AC7E /* progressbar.app */;
			productType = "com.apple.product-type.application";
		};
/* End PBXNativeTarget section */

/* Begin PBXProject section */
		90D3272724D6FB220092AC7E /* Project object */ = {
			isa = PBXProject;
			attributes = {
				LastSwiftUpdateCheck = 1130;
				LastUpgradeCheck = 1130;
				ORGANIZATIONNAME = Rukhsar;
				TargetAttributes = {
					90D3272E24D6FB220092AC7E = {
						CreatedOnToolsVersion = 11.3.1;
					};
				};
			};
			buildConfigurationList = 90D3272A24D6FB220092AC7E /* Build configuration list for PBXProject "progressbar" */;
			compatibilityVersion = "Xcode 9.3";
			developmentRegion = en;
			hasScannedForEncodings = 0;
			knownRegions = (
				en,
				Base,
			);
			mainGroup = 90D3272624D6FB220092AC7E;
			productRefGroup = 90D3273024D6FB220092AC7E /* Products */;
			projectDirPath = "";
			projectRoot = "";
			targets = (
				90D3272E24D6FB220092AC7E /* progressbar */,
			);
		};
/* End PBXProject section */

/* Begin PBXResourcesBuildPhase section */
		90D3272D24D6FB220092AC7E /* Resources */ = {
			isa = PBXResourcesBuildPhase;
			buildActionMask = 2147483647;
			files = (
				90D3274224D6FB250092AC7E /* LaunchScreen.storyboard in Resources */,
				90D3273F24D6FB250092AC7E /* Assets.xcassets in Resources */,
				90D3273A24D6FB220092AC7E /* Main.storyboard in Resources */,
			);
			runOnlyForDeploymentPostprocessing = 0;
		};
/* End PBXResourcesBuildPhase section */

/* Begin PBXSourcesBuildPhase section */
		90D3272B24D6FB220092AC7E /* Sources */ = {
			isa = PBXSourcesBuildPhase;
			buildActionMask = 2147483647;
			files = (
				90D3273724D6FB220092AC7E /* ViewController.swift in Sources */,
				90D3273324D6FB220092AC7E /* AppDelegate.swift in Sources */,
				90D3273D24D6FB220092AC7E /* progressbar.xcdatamodeld in Sources */,
				90D3273524D6FB220092AC7E /* SceneDelegate.swift in Sources */,
			);
			runOnlyForDeploymentPostprocessing = 0;
		};
/* End PBXSourcesBuildPhase section */

/* Begin PBXVariantGroup section */
		90D3273824D6FB220092AC7E /* Main.storyboard */ = {
			isa = PBXVariantGroup;
			children = (
				90D3273924D6FB220092AC7E /* Base */,
			);
			name = Main.storyboard;
			sourceTree = "<group>";
		};
		90D3274024D6FB250092AC7E /* LaunchScreen.storyboard */ = {
			isa = PBXVariantGroup;
			children = (
				90D3274124D6FB250092AC7E /* Base */,
			);
			name = LaunchScreen.storyboard;
			sourceTree = "<group>";
		};
/* End PBXVariantGroup section */

/* Begin XCBuildConfiguration section */
		90D3274424D6FB250092AC7E /* Debug */ = {
			isa = XCBuildConfiguration;
			buildSettings = {
				ALWAYS_SEARCH_USER_PATHS = NO;
				CLANG_ANALYZER_NONNULL = YES;
				CLANG_ANALYZER_NUMBER_OBJECT_CONVERSION = YES_AGGRESSIVE;
				CLANG_CXX_LANGUAGE_STANDARD = "gnu++14";
				CLANG_CXX_LIBRARY = "libc++";
				CLANG_ENABLE_MODULES = YES;
				CLANG_ENABLE_OBJC_ARC = YES;
				CLANG_ENABLE_OBJC_WEAK = YES;
				CLANG_WARN_BLOCK_CAPTURE_AUTORELEASING = YES;
				CLANG_WARN_BOOL_CONVERSION = YES;
				CLANG_WARN_COMMA = YES;
				CLANG_WARN_CONSTANT_CONVERSION = YES;
				CLANG_WARN_DEPRECATED_OBJC_IMPLEMENTATIONS = YES;
				CLANG_WARN_DIRECT_OBJC_ISA_USAGE = YES_ERROR;
				CLANG_WARN_DOCUMENTATION_COMMENTS = YES;
				CLANG_WARN_EMPTY_BODY = YES;
				CLANG_WARN_ENUM_CONVERSION = YES;
				CLANG_WARN_INFINITE_RECURSION = YES;
				CLANG_WARN_INT_CONVERSION = YES;
				CLANG_WARN_NON_LITERAL_NULL_CONVERSION = YES;
				CLANG_WARN_OBJC_IMPLICIT_RETAIN_SELF = YES;
				CLANG_WARN_OBJC_LITERAL_CONVERSION = YES;
				CLANG_WARN_OBJC_ROOT_CLASS = YES_ERROR;
				CLANG_WARN_RANGE_LOOP_ANALYSIS = YES;
				CLANG_WARN_STRICT_PROTOTYPES = YES;
				CLANG_WARN_SUSPICIOUS_MOVE = YES;
				CLANG_WARN_UNGUARDED_AVAILABILITY = YES_AGGRESSIVE;
				CLANG_WARN_UNREACHABLE_CODE = YES;
				CLANG_WARN__DUPLICATE_METHOD_MATCH = YES;
				COPY_PHASE_STRIP = NO;
				DEBUG_INFORMATION_FORMAT = dwarf;
				ENABLE_STRICT_OBJC_MSGSEND = YES;
				ENABLE_TESTABILITY = YES;
				GCC_C_LANGUAGE_STANDARD = gnu11;
				GCC_DYNAMIC_NO_PIC = NO;
				GCC_NO_COMMON_BLOCKS = YES;
				GCC_OPTIMIZATION_LEVEL = 0;
				GCC_PREPROCESSOR_DEFINITIONS = (
					"DEBUG=1",
					"$(inherited)",
				);
				GCC_WARN_64_TO_32_BIT_CONVERSION = YES;
				GCC_WARN_ABOUT_RETURN_TYPE = YES_ERROR;
				GCC_WARN_UNDECLARED_SELECTOR = YES;
				GCC_WARN_UNINITIALIZED_AUTOS = YES_AGGRESSIVE;
				GCC_WARN_UNUSED_FUNCTION = YES;
				GCC_WARN_UNUSED_VARIABLE = YES;
				IPHONEOS_DEPLOYMENT_TARGET = 13.2;
				MTL_ENABLE_DEBUG_INFO = INCLUDE_SOURCE;
				MTL_FAST_MATH = YES;
				ONLY_ACTIVE_ARCH = YES;
				SDKROOT = iphoneos;
				SWIFT_ACTIVE_COMPILATION_CONDITIONS = DEBUG;
				SWIFT_OPTIMIZATION_LEVEL = "-Onone";
			};
			name = Debug;
		};
		90D3274524D6FB250092AC7E /* Release */ = {
			isa = XCBuildConfiguration;
			buildSettings = {
				ALWAYS_SEARCH_USER_PATHS = NO;
				CLANG_ANALYZER_NONNULL = YES;
				CLANG_ANALYZER_NUMBER_OBJECT_CONVERSION = YES_AGGRESSIVE;
				CLANG_CXX_LANGUAGE_STANDARD = "gnu++14";
				CLANG_CXX_LIBRARY = "libc++";
				CLANG_ENABLE_MODULES = YES;
				CLANG_ENABLE_OBJC_ARC = YES;
				CLANG_ENABLE_OBJC_WEAK = YES;
				CLANG_WARN_BLOCK_CAPTURE_AUTORELEASING = YES;
				CLANG_WARN_BOOL_CONVERSION = YES;
				CLANG_WARN_COMMA = YES;
				CLANG_WARN_CONSTANT_CONVERSION = YES;
				CLANG_WARN_DEPRECATED_OBJC_IMPLEMENTATIONS = YES;
				CLANG_WARN_DIRECT_OBJC_ISA_USAGE = YES_ERROR;
				CLANG_WARN_DOCUMENTATION_COMMENTS = YES;
				CLANG_WARN_EMPTY_BODY = YES;
				CLANG_WARN_ENUM_CONVERSION = YES;
				CLANG_WARN_INFINITE_RECURSION = YES;
				CLANG_WARN_INT_CONVERSION = YES;
				CLANG_WARN_NON_LITERAL_NULL_CONVERSION = YES;
				CLANG_WARN_OBJC_IMPLICIT_RETAIN_SELF = YES;
				CLANG_WARN_OBJC_LITERAL_CONVERSION = YES;
				CLANG_WARN_OBJC_ROOT_CLASS = YES_ERROR;
				CLANG_WARN_RANGE_LOOP_ANALYSIS = YES;
				CLANG_WARN_STRICT_PROTOTYPES = YES;
				CLANG_WARN_SUSPICIOUS_MOVE = YES;
				CLANG_WARN_UNGUARDED_AVAILABILITY = YES_AGGRESSIVE;
				CLANG_WARN_UNREACHABLE_CODE = YES;
				CLANG_WARN__DUPLICATE_METHOD_MATCH = YES;
				COPY_PHASE_STRIP = NO;
				DEBUG_INFORMATION_FORMAT = "dwarf-with-dsym";
				ENABLE_NS_ASSERTIONS = NO;
				ENABLE_STRICT_OBJC_MSGSEND = YES;
				GCC_C_LANGUAGE_STANDARD = gnu11;
				GCC_NO_COMMON_BLOCKS = YES;
				GCC_WARN_64_TO_32_BIT_CONVERSION = YES;
				GCC_WARN_ABOUT_RETURN_TYPE = YES_ERROR;
				GCC_WARN_UNDECLARED_SELECTOR = YES;
				GCC_WARN_UNINITIALIZED_AUTOS = YES_AGGRESSIVE;
				GCC_WARN_UNUSED_FUNCTION = YES;
				GCC_WARN_UNUSED_VARIABLE = YES;
				IPHONEOS_DEPLOYMENT_TARGET = 13.2;
				MTL_ENABLE_DEBUG_INFO = NO;
				MTL_FAST_MATH = YES;
				SDKROOT = iphoneos;
				SWIFT_COMPILATION_MODE = wholemodule;
				SWIFT_OPTIMIZATION_LEVEL = "-O";
				VALIDATE_PRODUCT = YES;
			};
			name = Release;
		};
		90D3274724D6FB250092AC7E /* Debug */ = {
			isa = XCBuildConfiguration;
			buildSettings = {
				ASSETCATALOG_COMPILER_APPICON_NAME = AppIcon;
				CODE_SIGN_STYLE = Automatic;
				INFOPLIST_FILE = progressbar/Info.plist;
				LD_RUNPATH_SEARCH_PATHS = (
					"$(inherited)",
					"@executable_path/Frameworks",
				);
				PRODUCT_BUNDLE_IDENTIFIER = example11.progressbar;
				PRODUCT_NAME = "$(TARGET_NAME)";
				SWIFT_VERSION = 5.0;
				TARGETED_DEVICE_FAMILY = "1,2";
			};
			name = Debug;
		};
		90D3274824D6FB250092AC7E /* Release */ = {
			isa = XCBuildConfiguration;
			buildSettings = {
				ASSETCATALOG_COMPILER_APPICON_NAME = AppIcon;
				CODE_SIGN_STYLE = Automatic;
				INFOPLIST_FILE = progressbar/Info.plist;
				LD_RUNPATH_SEARCH_PATHS = (
					"$(inherited)",
					"@executable_path/Frameworks",
				);
				PRODUCT_BUNDLE_IDENTIFIER = example11.progressbar;
				PRODUCT_NAME = "$(TARGET_NAME)";
				SWIFT_VERSION = 5.0;
				TARGETED_DEVICE_FAMILY = "1,2";
			};
			name = Release;
		};
/* End XCBuildConfiguration section */

/* Begin XCConfigurationList section */
		90D3272A24D6FB220092AC7E /* Build configuration list for PBXProject "progressbar" */ = {
			isa = XCConfigurationList;
			buildConfigurations = (
				90D3274424D6FB250092AC7E /* Debug */,
				90D3274524D6FB250092AC7E /* Release */,
			);
			defaultConfigurationIsVisible = 0;
			defaultConfigurationName = Release;
		};
		90D3274624D6FB250092AC7E /* Build configuration list for PBXNativeTarget "progressbar" */ = {
			isa = XCConfigurationList;
			buildConfigurations = (
				90D3274724D6FB250092AC7E /* Debug */,
				90D3274824D6FB250092AC7E /* Release */,
			);
			defaultConfigurationIsVisible = 0;
			defaultConfigurationName = Release;
		};
/* End XCConfigurationList section */

/* Begin XCVersionGroup section */
		90D3273B24D6FB220092AC7E /* progressbar.xcdatamodeld */ = {
			isa = XCVersionGroup;
			children = (
				90D3273C24D6FB220092AC7E /* progressbar.xcdatamodel */,
			);
			currentVersion = 90D3273C24D6FB220092AC7E /* progressbar.xcdatamodel */;
			path = progressbar.xcdatamodeld;
			sourceTree = "<group>";
			versionGroupType = wrapper.xcdatamodel;
		};
/* End XCVersionGroup section */
	};
	rootObject = 90D3272724D6FB220092AC7E /* Project object */;
}
